
Microsoft Visual Studio Solution File, Format Version 12.00
# Visual Studio Version 16
VisualStudioVersion = 16.0.30717.126
MinimumVisualStudioVersion = 10.0.40219.1
Project("{FAE04EC0-301F-11D3-BF4B-00C04F79EFBC}") = "HPWUHexingInitialBoard", "HPWUHexingInitialBoard.csproj", "{E6F25B96-A803-4CDD-8F46-BDADCC26138C}"
EndProject
Global
	GlobalSection(SolutionConfigurationPlatforms) = preSolution
		Debug|Any CPU = Debug|Any CPU
		Release|Any CPU = Release|Any CPU
	EndGlobalSection
	GlobalSection(ProjectConfigurationPlatforms) = postSolution
		{E6F25B96-A803-4CDD-8F46-BDADCC26138C}.Debug|Any CPU.ActiveCfg = Debug|Any CPU
		{E6F25B96-A803-4CDD-8F46-BDADCC26138C}.Debug|Any CPU.Build.0 = Debug|Any CPU
		{E6F25B96-A803-4CDD-8F46-BDADCC26138C}.Release|Any CPU.ActiveCfg = Release|Any CPU
		{E6F25B96-A803-4CDD-8F46-BDADCC26138C}.Release|Any CPU.Build.0 = Release|Any CPU
	EndGlobalSection
	GlobalSection(SolutionProperties) = preSolution
		HideSolutionNode = FALSE
	EndGlobalSection
	GlobalSection(ExtensibilityGlobals) = postSolution
		SolutionGuid = {F568341C-2E0C-4B0E-971E-0FB69D0A874B}
	EndGlobalSection
EndGlobal
